
Microsoft Visual Studio Solution File, Format Version 12.00
# Visual Studio Version 17
VisualStudioVersion = 17.11.35327.3
MinimumVisualStudioVersion = 10.0.40219.1
Project("{8BC9CEB8-8B4A-11D0-8D11-00A0C91BC942}") = "dice18", "dice18.vcxproj", "{C32167BB-32D2-4CB5-B492-45B73481388C}"
EndProject
Global
	GlobalSection(SolutionConfigurationPlatforms) = preSolution
		Debug|x64 = Debug|x64
		Debug|x86 = Debug|x86
		Release|x64 = Release|x64
		Release|x86 = Release|x86
	EndGlobalSection
	GlobalSection(ProjectConfigurationPlatforms) = postSolution
		{C32167BB-32D2-4CB5-B492-45B73481388C}.Debug|x64.ActiveCfg = Debug|x64
		{C32167BB-32D2-4CB5-B492-45B73481388C}.Debug|x64.Build.0 = Debug|x64
		{C32167BB-32D2-4CB5-B492-45B73481388C}.Debug|x86.ActiveCfg = Debug|Win32
		{C32167BB-32D2-4CB5-B492-45B73481388C}.Debug|x86.Build.0 = Debug|Win32
		{C32167BB-32D2-4CB5-B492-45B73481388C}.Release|x64.ActiveCfg = Release|x64
		{C32167BB-32D2-4CB5-B492-45B73481388C}.Release|x64.Build.0 = Release|x64
		{C32167BB-32D2-4CB5-B492-45B73481388C}.Release|x86.ActiveCfg = Release|Win32
		{C32167BB-32D2-4CB5-B492-45B73481388C}.Release|x86.Build.0 = Release|Win32
	EndGlobalSection
	GlobalSection(SolutionProperties) = preSolution
		HideSolutionNode = FALSE
	EndGlobalSection
	GlobalSection(ExtensibilityGlobals) = postSolution
		SolutionGuid = {46D321B0-D115-4A38-B967-786AA1EA6649}
	EndGlobalSection
EndGlobal
